// !$*UTF8*$!
{
	archiveVersion = 1;
	classes = {
	};
	objectVersion = 50;
	objects = {

/* Begin PBXBuildFile section */
		16181B8922CEE26C00A88689 /* AppDelegate.m in Sources */ = {isa = PBXBuildFile; fileRef = 16181B8822CEE26C00A88689 /* AppDelegate.m */; };
		16181B8F22CEE26C00A88689 /* Main.storyboard in Resources */ = {isa = PBXBuildFile; fileRef = 16181B8D22CEE26C00A88689 /* Main.storyboard */; };
		16181B9122CEE26E00A88689 /* Assets.xcassets in Resources */ = {isa = PBXBuildFile; fileRef = 16181B9022CEE26E00A88689 /* Assets.xcassets */; };
		16181B9422CEE26E00A88689 /* LaunchScreen.storyboard in Resources */ = {isa = PBXBuildFile; fileRef = 16181B9222CEE26E00A88689 /* LaunchScreen.storyboard */; };
		16181B9722CEE26E00A88689 /* main.m in Sources */ = {isa = PBXBuildFile; fileRef = 16181B9622CEE26E00A88689 /* main.m */; };
		16181BA122CEE26E00A88689 /* DandPsTests.m in Sources */ = {isa = PBXBuildFile; fileRef = 16181BA022CEE26E00A88689 /* DandPsTests.m */; };
		16181BAC22CEE26E00A88689 /* DandPsUITests.m in Sources */ = {isa = PBXBuildFile; fileRef = 16181BAB22CEE26E00A88689 /* DandPsUITests.m */; };
		16181BBB22CEECCC00A88689 /* FirstViewController.m in Sources */ = {isa = PBXBuildFile; fileRef = 16181BBA22CEECCC00A88689 /* FirstViewController.m */; };
		16181BBE22CEECD200A88689 /* SecondViewController.m in Sources */ = {isa = PBXBuildFile; fileRef = 16181BBD22CEECD200A88689 /* SecondViewController.m */; };
		16FAED6522CFE8F6001BB631 /* BorderedLabel.m in Sources */ = {isa = PBXBuildFile; fileRef = 16FAED6422CFE8F6001BB631 /* BorderedLabel.m */; };
/* End PBXBuildFile section */

/* Begin PBXContainerItemProxy section */
		16181B9D22CEE26E00A88689 /* PBXContainerItemProxy */ = {
			isa = PBXContainerItemProxy;
			containerPortal = 16181B7C22CEE26C00A88689 /* Project object */;
			proxyType = 1;
			remoteGlobalIDString = 16181B8322CEE26C00A88689;
			remoteInfo = DandPs;
		};
		16181BA822CEE26E00A88689 /* PBXContainerItemProxy */ = {
			isa = PBXContainerItemProxy;
			containerPortal = 16181B7C22CEE26C00A88689 /* Project object */;
			proxyType = 1;
			remoteGlobalIDString = 16181B8322CEE26C00A88689;
			remoteInfo = DandPs;
		};
/* End PBXContainerItemProxy section */

/* Begin PBXFileReference section */
		16181B8422CEE26C00A88689 /* DandPs.app */ = {isa = PBXFileReference; explicitFileType = wrapper.application; includeInIndex = 0; path = DandPs.app; sourceTree = BUILT_PRODUCTS_DIR; };
		16181B8722CEE26C00A88689 /* AppDelegate.h */ = {isa = PBXFileReference; lastKnownFileType = sourcecode.c.h; path = AppDelegate.h; sourceTree = "<group>"; };
		16181B8822CEE26C00A88689 /* AppDelegate.m */ = {isa = PBXFileReference; lastKnownFileType = sourcecode.c.objc; path = AppDelegate.m; sourceTree = "<group>"; };
		16181B8E22CEE26C00A88689 /* Base */ = {isa = PBXFileReference; lastKnownFileType = file.storyboard; name = Base; path = Base.lproj/Main.storyboard; sourceTree = "<group>"; };
		16181B9022CEE26E00A88689 /* Assets.xcassets */ = {isa = PBXFileReference; lastKnownFileType = folder.assetcatalog; path = Assets.xcassets; sourceTree = "<group>"; };
		16181B9322CEE26E00A88689 /* Base */ = {isa = PBXFileReference; lastKnownFileType = file.storyboard; name = Base; path = Base.lproj/LaunchScreen.storyboard; sourceTree = "<group>"; };
		16181B9522CEE26E00A88689 /* Info.plist */ = {isa = PBXFileReference; lastKnownFileType = text.plist.xml; path = Info.plist; sourceTree = "<group>"; };
		16181B9622CEE26E00A88689 /* main.m */ = {isa = PBXFileReference; lastKnownFileType = sourcecode.c.objc; path = main.m; sourceTree = "<group>"; };
		16181B9C22CEE26E00A88689 /* DandPsTests.xctest */ = {isa = PBXFileReference; explicitFileType = wrapper.cfbundle; includeInIndex = 0; path = DandPsTests.xctest; sourceTree = BUILT_PRODUCTS_DIR; };
		16181BA022CEE26E00A88689 /* DandPsTests.m */ = {isa = PBXFileReference; lastKnownFileType = sourcecode.c.objc; path = DandPsTests.m; sourceTree = "<group>"; };
		16181BA222CEE26E00A88689 /* Info.plist */ = {isa = PBXFileReference; lastKnownFileType = text.plist.xml; path = Info.plist; sourceTree = "<group>"; };
		16181BA722CEE26E00A88689 /* DandPsUITests.xctest */ = {isa = PBXFileReference; explicitFileType = wrapper.cfbundle; includeInIndex = 0; path = DandPsUITests.xctest; sourceTree = BUILT_PRODUCTS_DIR; };
		16181BAB22CEE26E00A88689 /* DandPsUITests.m */ = {isa = PBXFileReference; lastKnownFileType = sourcecode.c.objc; path = DandPsUITests.m; sourceTree = "<group>"; };
		16181BAD22CEE26E00A88689 /* Info.plist */ = {isa = PBXFileReference; lastKnownFileType = text.plist.xml; path = Info.plist; sourceTree = "<group>"; };
		16181BB922CEECCC00A88689 /* FirstViewController.h */ = {isa = PBXFileReference; lastKnownFileType = sourcecode.c.h; path = FirstViewController.h; sourceTree = "<group>"; };
		16181BBA22CEECCC00A88689 /* FirstViewController.m */ = {isa = PBXFileReference; lastKnownFileType = sourcecode.c.objc; path = FirstViewController.m; sourceTree = "<group>"; };
		16181BBC22CEECD200A88689 /* SecondViewController.h */ = {isa = PBXFileReference; lastKnownFileType = sourcecode.c.h; path = SecondViewController.h; sourceTree = "<group>"; };
		16181BBD22CEECD200A88689 /* SecondViewController.m */ = {isa = PBXFileReference; lastKnownFileType = sourcecode.c.objc; path = SecondViewController.m; sourceTree = "<group>"; };
		16FAED6322CFE8F6001BB631 /* BorderedLabel.h */ = {isa = PBXFileReference; lastKnownFileType = sourcecode.c.h; path = BorderedLabel.h; sourceTree = "<group>"; };
		16FAED6422CFE8F6001BB631 /* BorderedLabel.m */ = {isa = PBXFileReference; lastKnownFileType = sourcecode.c.objc; path = BorderedLabel.m; sourceTree = "<group>"; };
/* End PBXFileReference section */

/* Begin PBXFrameworksBuildPhase section */
		16181B8122CEE26C00A88689 /* Frameworks */ = {
			isa = PBXFrameworksBuildPhase;
			buildActionMask = 2147483647;
			files = (
			);
			runOnlyForDeploymentPostprocessing = 0;
		};
		16181B9922CEE26E00A88689 /* Frameworks */ = {
			isa = PBXFrameworksBuildPhase;
			buildActionMask = 2147483647;
			files = (
			);
			runOnlyForDeploymentPostprocessing = 0;
		};
		16181BA422CEE26E00A88689 /* Frameworks */ = {
			isa = PBXFrameworksBuildPhase;
			buildActionMask = 2147483647;
			files = (
			);
			runOnlyForDeploymentPostprocessing = 0;
		};
/* End PBXFrameworksBuildPhase section */

/* Begin PBXGroup section */
		16181B7B22CEE26C00A88689 = {
			isa = PBXGroup;
			children = (
				16181B8622CEE26C00A88689 /* DandPs */,
				16181B9F22CEE26E00A88689 /* DandPsTests */,
				16181BAA22CEE26E00A88689 /* DandPsUITests */,
				16181B8522CEE26C00A88689 /* Products */,
			);
			sourceTree = "<group>";
		};
		16181B8522CEE26C00A88689 /* Products */ = {
			isa = PBXGroup;
			children = (
				16181B8422CEE26C00A88689 /* DandPs.app */,
				16181B9C22CEE26E00A88689 /* DandPsTests.xctest */,
				16181BA722CEE26E00A88689 /* DandPsUITests.xctest */,
			);
			name = Products;
			sourceTree = "<group>";
		};
		16181B8622CEE26C00A88689 /* DandPs */ = {
			isa = PBXGroup;
			children = (
				16FAED6222CFE8DA001BB631 /* Custom */,
				16181B8722CEE26C00A88689 /* AppDelegate.h */,
				16181B8822CEE26C00A88689 /* AppDelegate.m */,
				16181B8D22CEE26C00A88689 /* Main.storyboard */,
				16181BB922CEECCC00A88689 /* FirstViewController.h */,
				16181BBA22CEECCC00A88689 /* FirstViewController.m */,
				16181BBC22CEECD200A88689 /* SecondViewController.h */,
				16181BBD22CEECD200A88689 /* SecondViewController.m */,
				16181B9022CEE26E00A88689 /* Assets.xcassets */,
				16181B9222CEE26E00A88689 /* LaunchScreen.storyboard */,
				16181B9522CEE26E00A88689 /* Info.plist */,
				16181B9622CEE26E00A88689 /* main.m */,
			);
			path = DandPs;
			sourceTree = "<group>";
		};
		16181B9F22CEE26E00A88689 /* DandPsTests */ = {
			isa = PBXGroup;
			children = (
				16181BA022CEE26E00A88689 /* DandPsTests.m */,
				16181BA222CEE26E00A88689 /* Info.plist */,
			);
			path = DandPsTests;
			sourceTree = "<group>";
		};
		16181BAA22CEE26E00A88689 /* DandPsUITests */ = {
			isa = PBXGroup;
			children = (
				16181BAB22CEE26E00A88689 /* DandPsUITests.m */,
				16181BAD22CEE26E00A88689 /* Info.plist */,
			);
			path = DandPsUITests;
			sourceTree = "<group>";
		};
		16FAED6222CFE8DA001BB631 /* Custom */ = {
			isa = PBXGroup;
			children = (
				16FAED6322CFE8F6001BB631 /* BorderedLabel.h */,
				16FAED6422CFE8F6001BB631 /* BorderedLabel.m */,
			);
			path = Custom;
			sourceTree = "<group>";
		};
/* End PBXGroup section */

/* Begin PBXNativeTarget section */
		16181B8322CEE26C00A88689 /* DandPs */ = {
			isa = PBXNativeTarget;
			buildConfigurationList = 16181BB022CEE26E00A88689 /* Build configuration list for PBXNativeTarget "DandPs" */;
			buildPhases = (
				16181B8022CEE26C00A88689 /* Sources */,
				16181B8122CEE26C00A88689 /* Frameworks */,
				16181B8222CEE26C00A88689 /* Resources */,
			);
			buildRules = (
			);
			dependencies = (
			);
			name = DandPs;
			productName = DandPs;
			productReference = 16181B8422CEE26C00A88689 /* DandPs.app */;
			productType = "com.apple.product-type.application";
		};
		16181B9B22CEE26E00A88689 /* DandPsTests */ = {
			isa = PBXNativeTarget;
			buildConfigurationList = 16181BB322CEE26E00A88689 /* Build configuration list for PBXNativeTarget "DandPsTests" */;
			buildPhases = (
				16181B9822CEE26E00A88689 /* Sources */,
				16181B9922CEE26E00A88689 /* Frameworks */,
				16181B9A22CEE26E00A88689 /* Resources */,
			);
			buildRules = (
			);
			dependencies = (
				16181B9E22CEE26E00A88689 /* PBXTargetDependency */,
			);
			name = DandPsTests;
			productName = DandPsTests;
			productReference = 16181B9C22CEE26E00A88689 /* DandPsTests.xctest */;
			productType = "com.apple.product-type.bundle.unit-test";
		};
		16181BA622CEE26E00A88689 /* DandPsUITests */ = {
			isa = PBXNativeTarget;
			buildConfigurationList = 16181BB622CEE26E00A88689 /* Build configuration list for PBXNativeTarget "DandPsUITests" */;
			buildPhases = (
				16181BA322CEE26E00A88689 /* Sources */,
				16181BA422CEE26E00A88689 /* Frameworks */,
				16181BA522CEE26E00A88689 /* Resources */,
			);
			buildRules = (
			);
			dependencies = (
				16181BA922CEE26E00A88689 /* PBXTargetDependency */,
			);
			name = DandPsUITests;
			productName = DandPsUITests;
			productReference = 16181BA722CEE26E00A88689 /* DandPsUITests.xctest */;
			productType = "com.apple.product-type.bundle.ui-testing";
		};
/* End PBXNativeTarget section */

/* Begin PBXProject section */
		16181B7C22CEE26C00A88689 /* Project object */ = {
			isa = PBXProject;
			attributes = {
				LastUpgradeCheck = 1020;
				ORGANIZATIONNAME = "Maribel Montejano";
				TargetAttributes = {
					16181B8322CEE26C00A88689 = {
						CreatedOnToolsVersion = 10.2.1;
					};
					16181B9B22CEE26E00A88689 = {
						CreatedOnToolsVersion = 10.2.1;
						TestTargetID = 16181B8322CEE26C00A88689;
					};
					16181BA622CEE26E00A88689 = {
						CreatedOnToolsVersion = 10.2.1;
						TestTargetID = 16181B8322CEE26C00A88689;
					};
				};
			};
			buildConfigurationList = 16181B7F22CEE26C00A88689 /* Build configuration list for PBXProject "DandPs" */;
			compatibilityVersion = "Xcode 9.3";
			developmentRegion = en;
			hasScannedForEncodings = 0;
			knownRegions = (
				en,
				Base,
			);
			mainGroup = 16181B7B22CEE26C00A88689;
			productRefGroup = 16181B8522CEE26C00A88689 /* Products */;
			projectDirPath = "";
			projectRoot = "";
			targets = (
				16181B8322CEE26C00A88689 /* DandPs */,
				16181B9B22CEE26E00A88689 /* DandPsTests */,
				16181BA622CEE26E00A88689 /* DandPsUITests */,
			);
		};
/* End PBXProject section */

/* Begin PBXResourcesBuildPhase section */
		16181B8222CEE26C00A88689 /* Resources */ = {
			isa = PBXResourcesBuildPhase;
			buildActionMask = 2147483647;
			files = (
				16181B9422CEE26E00A88689 /* LaunchScreen.storyboard in Resources */,
				16181B9122CEE26E00A88689 /* Assets.xcassets in Resources */,
				16181B8F22CEE26C00A88689 /* Main.storyboard in Resources */,
			);
			runOnlyForDeploymentPostprocessing = 0;
		};
		16181B9A22CEE26E00A88689 /* Resources */ = {
			isa = PBXResourcesBuildPhase;
			buildActionMask = 2147483647;
			files = (
			);
			runOnlyForDeploymentPostprocessing = 0;
		};
		16181BA522CEE26E00A88689 /* Resources */ = {
			isa = PBXResourcesBuildPhase;
			buildActionMask = 2147483647;
			files = (
			);
			runOnlyForDeploymentPostprocessing = 0;
		};
/* End PBXResourcesBuildPhase section */

/* Begin PBXSourcesBuildPhase section */
		16181B8022CEE26C00A88689 /* Sources */ = {
			isa = PBXSourcesBuildPhase;
			buildActionMask = 2147483647;
			files = (
				16181BBE22CEECD200A88689 /* SecondViewController.m in Sources */,
				16181B9722CEE26E00A88689 /* main.m in Sources */,
				16FAED6522CFE8F6001BB631 /* BorderedLabel.m in Sources */,
				16181B8922CEE26C00A88689 /* AppDelegate.m in Sources */,
				16181BBB22CEECCC00A88689 /* FirstViewController.m in Sources */,
			);
			runOnlyForDeploymentPostprocessing = 0;
		};
		16181B9822CEE26E00A88689 /* Sources */ = {
			isa = PBXSourcesBuildPhase;
			buildActionMask = 2147483647;
			files = (
				16181BA122CEE26E00A88689 /* DandPsTests.m in Sources */,
			);
			runOnlyForDeploymentPostprocessing = 0;
		};
		16181BA322CEE26E00A88689 /* Sources */ = {
			isa = PBXSourcesBuildPhase;
			buildActionMask = 2147483647;
			files = (
				16181BAC22CEE26E00A88689 /* DandPsUITests.m in Sources */,
			);
			runOnlyForDeploymentPostprocessing = 0;
		};
/* End PBXSourcesBuildPhase section */

/* Begin PBXTargetDependency section */
		16181B9E22CEE26E00A88689 /* PBXTargetDependency */ = {
			isa = PBXTargetDependency;
			target = 16181B8322CEE26C00A88689 /* DandPs */;
			targetProxy = 16181B9D22CEE26E00A88689 /* PBXContainerItemProxy */;
		};
		16181BA922CEE26E00A88689 /* PBXTargetDependency */ = {
			isa = PBXTargetDependency;
			target = 16181B8322CEE26C00A88689 /* DandPs */;
			targetProxy = 16181BA822CEE26E00A88689 /* PBXContainerItemProxy */;
		};
/* End PBXTargetDependency section */

/* Begin PBXVariantGroup section */
		16181B8D22CEE26C00A88689 /* Main.storyboard */ = {
			isa = PBXVariantGroup;
			children = (
				16181B8E22CEE26C00A88689 /* Base */,
			);
			name = Main.storyboard;
			sourceTree = "<group>";
		};
		16181B9222CEE26E00A88689 /* LaunchScreen.storyboard */ = {
			isa = PBXVariantGroup;
			children = (
				16181B9322CEE26E00A88689 /* Base */,
			);
			name = LaunchScreen.storyboard;
			sourceTree = "<group>";
		};
/* End PBXVariantGroup section */

/* Begin XCBuildConfiguration section */
		16181BAE22CEE26E00A88689 /* Debug */ = {
			isa = XCBuildConfiguration;
			buildSettings = {
				ALWAYS_SEARCH_USER_PATHS = NO;
				CLANG_ANALYZER_NONNULL = YES;
				CLANG_ANALYZER_NUMBER_OBJECT_CONVERSION = YES_AGGRESSIVE;
				CLANG_CXX_LANGUAGE_STANDARD = "gnu++14";
				CLANG_CXX_LIBRARY = "libc++";
				CLANG_ENABLE_MODULES = YES;
				CLANG_ENABLE_OBJC_ARC = YES;
				CLANG_ENABLE_OBJC_WEAK = YES;
				CLANG_WARN_BLOCK_CAPTURE_AUTORELEASING = YES;
				CLANG_WARN_BOOL_CONVERSION = YES;
				CLANG_WARN_COMMA = YES;
				CLANG_WARN_CONSTANT_CONVERSION = YES;
				CLANG_WARN_DEPRECATED_OBJC_IMPLEMENTATIONS = YES;
				CLANG_WARN_DIRECT_OBJC_ISA_USAGE = YES_ERROR;
				CLANG_WARN_DOCUMENTATION_COMMENTS = YES;
				CLANG_WARN_EMPTY_BODY = YES;
				CLANG_WARN_ENUM_CONVERSION = YES;
				CLANG_WARN_INFINITE_RECURSION = YES;
				CLANG_WARN_INT_CONVERSION = YES;
				CLANG_WARN_NON_LITERAL_NULL_CONVERSION = YES;
				CLANG_WARN_OBJC_IMPLICIT_RETAIN_SELF = YES;
				CLANG_WARN_OBJC_LITERAL_CONVERSION = YES;
				CLANG_WARN_OBJC_ROOT_CLASS = YES_ERROR;
				CLANG_WARN_RANGE_LOOP_ANALYSIS = YES;
				CLANG_WARN_STRICT_PROTOTYPES = YES;
				CLANG_WARN_SUSPICIOUS_MOVE = YES;
				CLANG_WARN_UNGUARDED_AVAILABILITY = YES_AGGRESSIVE;
				CLANG_WARN_UNREACHABLE_CODE = YES;
				CLANG_WARN__DUPLICATE_METHOD_MATCH = YES;
				CODE_SIGN_IDENTITY = "iPhone Developer";
				COPY_PHASE_STRIP = NO;
				DEBUG_INFORMATION_FORMAT = dwarf;
				ENABLE_STRICT_OBJC_MSGSEND = YES;
				ENABLE_TESTABILITY = YES;
				GCC_C_LANGUAGE_STANDARD = gnu11;
				GCC_DYNAMIC_NO_PIC = NO;
				GCC_NO_COMMON_BLOCKS = YES;
				GCC_OPTIMIZATION_LEVEL = 0;
				GCC_PREPROCESSOR_DEFINITIONS = (
					"DEBUG=1",
					"$(inherited)",
				);
				GCC_WARN_64_TO_32_BIT_CONVERSION = YES;
				GCC_WARN_ABOUT_RETURN_TYPE = YES_ERROR;
				GCC_WARN_UNDECLARED_SELECTOR = YES;
				GCC_WARN_UNINITIALIZED_AUTOS = YES_AGGRESSIVE;
				GCC_WARN_UNUSED_FUNCTION = YES;
				GCC_WARN_UNUSED_VARIABLE = YES;
				IPHONEOS_DEPLOYMENT_TARGET = 12.2;
				MTL_ENABLE_DEBUG_INFO = INCLUDE_SOURCE;
				MTL_FAST_MATH = YES;
				ONLY_ACTIVE_ARCH = YES;
				SDKROOT = iphoneos;
			};
			name = Debug;
		};
		16181BAF22CEE26E00A88689 /* Release */ = {
			isa = XCBuildConfiguration;
			buildSettings = {
				ALWAYS_SEARCH_USER_PATHS = NO;
				CLANG_ANALYZER_NONNULL = YES;
				CLANG_ANALYZER_NUMBER_OBJECT_CONVERSION = YES_AGGRESSIVE;
				CLANG_CXX_LANGUAGE_STANDARD = "gnu++14";
				CLANG_CXX_LIBRARY = "libc++";
				CLANG_ENABLE_MODULES = YES;
				CLANG_ENABLE_OBJC_ARC = YES;
				CLANG_ENABLE_OBJC_WEAK = YES;
				CLANG_WARN_BLOCK_CAPTURE_AUTORELEASING = YES;
				CLANG_WARN_BOOL_CONVERSION = YES;
				CLANG_WARN_COMMA = YES;
				CLANG_WARN_CONSTANT_CONVERSION = YES;
				CLANG_WARN_DEPRECATED_OBJC_IMPLEMENTATIONS = YES;
				CLANG_WARN_DIRECT_OBJC_ISA_USAGE = YES_ERROR;
				CLANG_WARN_DOCUMENTATION_COMMENTS = YES;
				CLANG_WARN_EMPTY_BODY = YES;
				CLANG_WARN_ENUM_CONVERSION = YES;
				CLANG_WARN_INFINITE_RECURSION = YES;
				CLANG_WARN_INT_CONVERSION = YES;
				CLANG_WARN_NON_LITERAL_NULL_CONVERSION = YES;
				CLANG_WARN_OBJC_IMPLICIT_RETAIN_SELF = YES;
				CLANG_WARN_OBJC_LITERAL_CONVERSION = YES;
				CLANG_WARN_OBJC_ROOT_CLASS = YES_ERROR;
				CLANG_WARN_RANGE_LOOP_ANALYSIS = YES;
				CLANG_WARN_STRICT_PROTOTYPES = YES;
				CLANG_WARN_SUSPICIOUS_MOVE = YES;
				CLANG_WARN_UNGUARDED_AVAILABILITY = YES_AGGRESSIVE;
				CLANG_WARN_UNREACHABLE_CODE = YES;
				CLANG_WARN__DUPLICATE_METHOD_MATCH = YES;
				CODE_SIGN_IDENTITY = "iPhone Developer";
				COPY_PHASE_STRIP = NO;
				DEBUG_INFORMATION_FORMAT = "dwarf-with-dsym";
				ENABLE_NS_ASSERTIONS = NO;
				ENABLE_STRICT_OBJC_MSGSEND = YES;
				GCC_C_LANGUAGE_STANDARD = gnu11;
				GCC_NO_COMMON_BLOCKS = YES;
				GCC_WARN_64_TO_32_BIT_CONVERSION = YES;
				GCC_WARN_ABOUT_RETURN_TYPE = YES_ERROR;
				GCC_WARN_UNDECLARED_SELECTOR = YES;
				GCC_WARN_UNINITIALIZED_AUTOS = YES_AGGRESSIVE;
				GCC_WARN_UNUSED_FUNCTION = YES;
				GCC_WARN_UNUSED_VARIABLE = YES;
				IPHONEOS_DEPLOYMENT_TARGET = 12.2;
				MTL_ENABLE_DEBUG_INFO = NO;
				MTL_FAST_MATH = YES;
				SDKROOT = iphoneos;
				VALIDATE_PRODUCT = YES;
			};
			name = Release;
		};
		16181BB122CEE26E00A88689 /* Debug */ = {
			isa = XCBuildConfiguration;
			buildSettings = {
				ASSETCATALOG_COMPILER_APPICON_NAME = AppIcon;
				CODE_SIGN_STYLE = Automatic;
				DEVELOPMENT_TEAM = VKKZ6JX7SH;
				INFOPLIST_FILE = DandPs/Info.plist;
				LD_RUNPATH_SEARCH_PATHS = (
					"$(inherited)",
					"@executable_path/Frameworks",
				);
				PRODUCT_BUNDLE_IDENTIFIER = com.maribelmontejano.DandPs;
				PRODUCT_NAME = "$(TARGET_NAME)";
				TARGETED_DEVICE_FAMILY = "1,2";
			};
			name = Debug;
		};
		16181BB222CEE26E00A88689 /* Release */ = {
			isa = XCBuildConfiguration;
			buildSettings = {
				ASSETCATALOG_COMPILER_APPICON_NAME = AppIcon;
				CODE_SIGN_STYLE = Automatic;
				DEVELOPMENT_TEAM = VKKZ6JX7SH;
				INFOPLIST_FILE = DandPs/Info.plist;
				LD_RUNPATH_SEARCH_PATHS = (
					"$(inherited)",
					"@executable_path/Frameworks",
				);
				PRODUCT_BUNDLE_IDENTIFIER = com.maribelmontejano.DandPs;
				PRODUCT_NAME = "$(TARGET_NAME)";
				TARGETED_DEVICE_FAMILY = "1,2";
			};
			name = Release;
		};
		16181BB422CEE26E00A88689 /* Debug */ = {
			isa = XCBuildConfiguration;
			buildSettings = {
				BUNDLE_LOADER = "$(TEST_HOST)";
				CODE_SIGN_STYLE = Automatic;
				DEVELOPMENT_TEAM = VKKZ6JX7SH;
				INFOPLIST_FILE = DandPsTests/Info.plist;
				LD_RUNPATH_SEARCH_PATHS = (
					"$(inherited)",
					"@executable_path/Frameworks",
					"@loader_path/Frameworks",
				);
				PRODUCT_BUNDLE_IDENTIFIER = com.maribelmontejano.DandPsTests;
				PRODUCT_NAME = "$(TARGET_NAME)";
				TARGETED_DEVICE_FAMILY = "1,2";
				TEST_HOST = "$(BUILT_PRODUCTS_DIR)/DandPs.app/DandPs";
			};
			name = Debug;
		};
		16181BB522CEE26E00A88689 /* Release */ = {
			isa = XCBuildConfiguration;
			buildSettings = {
				BUNDLE_LOADER = "$(TEST_HOST)";
				CODE_SIGN_STYLE = Automatic;
				DEVELOPMENT_TEAM = VKKZ6JX7SH;
				INFOPLIST_FILE = DandPsTests/Info.plist;
				LD_RUNPATH_SEARCH_PATHS = (
					"$(inherited)",
					"@executable_path/Frameworks",
					"@loader_path/Frameworks",
				);
				PRODUCT_BUNDLE_IDENTIFIER = com.maribelmontejano.DandPsTests;
				PRODUCT_NAME = "$(TARGET_NAME)";
				TARGETED_DEVICE_FAMILY = "1,2";
				TEST_HOST = "$(BUILT_PRODUCTS_DIR)/DandPs.app/DandPs";
			};
			name = Release;
		};
		16181BB722CEE26E00A88689 /* Debug */ = {
			isa = XCBuildConfiguration;
			buildSettings = {
				CODE_SIGN_STYLE = Automatic;
				DEVELOPMENT_TEAM = VKKZ6JX7SH;
				INFOPLIST_FILE = DandPsUITests/Info.plist;
				LD_RUNPATH_SEARCH_PATHS = (
					"$(inherited)",
					"@executable_path/Frameworks",
					"@loader_path/Frameworks",
				);
				PRODUCT_BUNDLE_IDENTIFIER = com.maribelmontejano.DandPsUITests;
				PRODUCT_NAME = "$(TARGET_NAME)";
				TARGETED_DEVICE_FAMILY = "1,2";
				TEST_TARGET_NAME = DandPs;
			};
			name = Debug;
		};
		16181BB822CEE26E00A88689 /* Release */ = {
			isa = XCBuildConfiguration;
			buildSettings = {
				CODE_SIGN_STYLE = Automatic;
				DEVELOPMENT_TEAM = VKKZ6JX7SH;
				INFOPLIST_FILE = DandPsUITests/Info.plist;
				LD_RUNPATH_SEARCH_PATHS = (
					"$(inherited)",
					"@executable_path/Frameworks",
					"@loader_path/Frameworks",
				);
				PRODUCT_BUNDLE_IDENTIFIER = com.maribelmontejano.DandPsUITests;
				PRODUCT_NAME = "$(TARGET_NAME)";
				TARGETED_DEVICE_FAMILY = "1,2";
				TEST_TARGET_NAME = DandPs;
			};
			name = Release;
		};
/* End XCBuildConfiguration section */

/* Begin XCConfigurationList section */
		16181B7F22CEE26C00A88689 /* Build configuration list for PBXProject "DandPs" */ = {
			isa = XCConfigurationList;
			buildConfigurations = (
				16181BAE22CEE26E00A88689 /* Debug */,
				16181BAF22CEE26E00A88689 /* Release */,
			);
			defaultConfigurationIsVisible = 0;
			defaultConfigurationName = Release;
		};
		16181BB022CEE26E00A88689 /* Build configuration list for PBXNativeTarget "DandPs" */ = {
			isa = XCConfigurationList;
			buildConfigurations = (
				16181BB122CEE26E00A88689 /* Debug */,
				16181BB222CEE26E00A88689 /* Release */,
			);
			defaultConfigurationIsVisible = 0;
			defaultConfigurationName = Release;
		};
		16181BB322CEE26E00A88689 /* Build configuration list for PBXNativeTarget "DandPsTests" */ = {
			isa = XCConfigurationList;
			buildConfigurations = (
				16181BB422CEE26E00A88689 /* Debug */,
				16181BB522CEE26E00A88689 /* Release */,
			);
			defaultConfigurationIsVisible = 0;
			defaultConfigurationName = Release;
		};
		16181BB622CEE26E00A88689 /* Build configuration list for PBXNativeTarget "DandPsUITests" */ = {
			isa = XCConfigurationList;
			buildConfigurations = (
				16181BB722CEE26E00A88689 /* Debug */,
				16181BB822CEE26E00A88689 /* Release */,
			);
			defaultConfigurationIsVisible = 0;
			defaultConfigurationName = Release;
		};
/* End XCConfigurationList section */
	};
	rootObject = 16181B7C22CEE26C00A88689 /* Project object */;
}
